
Microsoft Visual Studio Solution File, Format Version 12.00
# Visual Studio Version 17
VisualStudioVersion = 17.3.32825.248
MinimumVisualStudioVersion = 10.0.40219.1
Project("{FAE04EC0-301F-11D3-BF4B-00C04F79EFBC}") = "Vista", "Vista\Vista.csproj", "{BC9B9BE7-E557-4AD2-A43D-4D938092015E}"
EndProject
Project("{FAE04EC0-301F-11D3-BF4B-00C04F79EFBC}") = "Datos", "Datos\Datos.csproj", "{4A3C929D-B9B7-4DE2-B538-9E70030D6FF2}"
EndProject
Project("{FAE04EC0-301F-11D3-BF4B-00C04F79EFBC}") = "Clases", "Clases\Clases.csproj", "{CC561EB3-FBB0-48D4-8A4D-6863E94CD1A8}"
EndProject
Global
	GlobalSection(SolutionConfigurationPlatforms) = preSolution
		Debug|Any CPU = Debug|Any CPU
		Release|Any CPU = Release|Any CPU
	EndGlobalSection
	GlobalSection(ProjectConfigurationPlatforms) = postSolution
		{BC9B9BE7-E557-4AD2-A43D-4D938092015E}.Debug|Any CPU.ActiveCfg = Debug|Any CPU
		{BC9B9BE7-E557-4AD2-A43D-4D938092015E}.Debug|Any CPU.Build.0 = Debug|Any CPU
		{BC9B9BE7-E557-4AD2-A43D-4D938092015E}.Release|Any CPU.ActiveCfg = Release|Any CPU
		{BC9B9BE7-E557-4AD2-A43D-4D938092015E}.Release|Any CPU.Build.0 = Release|Any CPU
		{4A3C929D-B9B7-4DE2-B538-9E70030D6FF2}.Debug|Any CPU.ActiveCfg = Debug|Any CPU
		{4A3C929D-B9B7-4DE2-B538-9E70030D6FF2}.Debug|Any CPU.Build.0 = Debug|Any CPU
		{4A3C929D-B9B7-4DE2-B538-9E70030D6FF2}.Release|Any CPU.ActiveCfg = Release|Any CPU
		{4A3C929D-B9B7-4DE2-B538-9E70030D6FF2}.Release|Any CPU.Build.0 = Release|Any CPU
		{CC561EB3-FBB0-48D4-8A4D-6863E94CD1A8}.Debug|Any CPU.ActiveCfg = Debug|Any CPU
		{CC561EB3-FBB0-48D4-8A4D-6863E94CD1A8}.Debug|Any CPU.Build.0 = Debug|Any CPU
		{CC561EB3-FBB0-48D4-8A4D-6863E94CD1A8}.Release|Any CPU.ActiveCfg = Release|Any CPU
		{CC561EB3-FBB0-48D4-8A4D-6863E94CD1A8}.Release|Any CPU.Build.0 = Release|Any CPU
	EndGlobalSection
	GlobalSection(SolutionProperties) = preSolution
		HideSolutionNode = FALSE
	EndGlobalSection
	GlobalSection(ExtensibilityGlobals) = postSolution
		SolutionGuid = {7F23EF47-ED2D-4862-A55D-3F97434FAAC7}
	EndGlobalSection
EndGlobal
